// !$*UTF8*$!
{
	archiveVersion = 1;
	classes = {
	};
	objectVersion = 50;
	objects = {

/* Begin PBXBuildFile section */
		E402828F23CD941200489AFE /* Sections.swift in Sources */ = {isa = PBXBuildFile; fileRef = E402828E23CD941200489AFE /* Sections.swift */; };
		E402829023CD941500489AFE /* Sections.swift in Sources */ = {isa = PBXBuildFile; fileRef = E402828E23CD941200489AFE /* Sections.swift */; };
		E402829123CD941500489AFE /* Sections.swift in Sources */ = {isa = PBXBuildFile; fileRef = E402828E23CD941200489AFE /* Sections.swift */; };
		E402829223CD941600489AFE /* Sections.swift in Sources */ = {isa = PBXBuildFile; fileRef = E402828E23CD941200489AFE /* Sections.swift */; };
		E402829423CD942E00489AFE /* Section.swift in Sources */ = {isa = PBXBuildFile; fileRef = E402829323CD942E00489AFE /* Section.swift */; };
		E402829523CD943000489AFE /* Section.swift in Sources */ = {isa = PBXBuildFile; fileRef = E402829323CD942E00489AFE /* Section.swift */; };
		E402829623CD943000489AFE /* Section.swift in Sources */ = {isa = PBXBuildFile; fileRef = E402829323CD942E00489AFE /* Section.swift */; };
		E402829723CD943100489AFE /* Section.swift in Sources */ = {isa = PBXBuildFile; fileRef = E402829323CD942E00489AFE /* Section.swift */; };
		E402829923CD946400489AFE /* SectionsArray.swift in Sources */ = {isa = PBXBuildFile; fileRef = E402829823CD946400489AFE /* SectionsArray.swift */; };
		E402829A23CD946400489AFE /* SectionsArray.swift in Sources */ = {isa = PBXBuildFile; fileRef = E402829823CD946400489AFE /* SectionsArray.swift */; };
		E402829B23CD946400489AFE /* SectionsArray.swift in Sources */ = {isa = PBXBuildFile; fileRef = E402829823CD946400489AFE /* SectionsArray.swift */; };
		E402829C23CD946400489AFE /* SectionsArray.swift in Sources */ = {isa = PBXBuildFile; fileRef = E402829823CD946400489AFE /* SectionsArray.swift */; };
		E402829E23CD947100489AFE /* ArrayUtils.swift in Sources */ = {isa = PBXBuildFile; fileRef = E402829D23CD947100489AFE /* ArrayUtils.swift */; };
		E402829F23CD947100489AFE /* ArrayUtils.swift in Sources */ = {isa = PBXBuildFile; fileRef = E402829D23CD947100489AFE /* ArrayUtils.swift */; };
		E40282A023CD947100489AFE /* ArrayUtils.swift in Sources */ = {isa = PBXBuildFile; fileRef = E402829D23CD947100489AFE /* ArrayUtils.swift */; };
		E40282A123CD947100489AFE /* ArrayUtils.swift in Sources */ = {isa = PBXBuildFile; fileRef = E402829D23CD947100489AFE /* ArrayUtils.swift */; };
		E40282A323CD948900489AFE /* ReflectionUtils.swift in Sources */ = {isa = PBXBuildFile; fileRef = E40282A223CD948900489AFE /* ReflectionUtils.swift */; };
		E40282A423CD948900489AFE /* ReflectionUtils.swift in Sources */ = {isa = PBXBuildFile; fileRef = E40282A223CD948900489AFE /* ReflectionUtils.swift */; };
		E40282A523CD948900489AFE /* ReflectionUtils.swift in Sources */ = {isa = PBXBuildFile; fileRef = E40282A223CD948900489AFE /* ReflectionUtils.swift */; };
		E40282A623CD948900489AFE /* ReflectionUtils.swift in Sources */ = {isa = PBXBuildFile; fileRef = E40282A223CD948900489AFE /* ReflectionUtils.swift */; };
		E40282A823CD96B300489AFE /* SectionTests.swift in Sources */ = {isa = PBXBuildFile; fileRef = E40282A723CD96B100489AFE /* SectionTests.swift */; };
		E40282A923CD96B400489AFE /* SectionTests.swift in Sources */ = {isa = PBXBuildFile; fileRef = E40282A723CD96B100489AFE /* SectionTests.swift */; };
		E40282AA23CD96B400489AFE /* SectionTests.swift in Sources */ = {isa = PBXBuildFile; fileRef = E40282A723CD96B100489AFE /* SectionTests.swift */; };
		E40282BB23CD96E700489AFE /* SectionsTests.swift in Sources */ = {isa = PBXBuildFile; fileRef = E40282AB23CD96BE00489AFE /* SectionsTests.swift */; };
		E40282BC23CD96E800489AFE /* SectionsTests.swift in Sources */ = {isa = PBXBuildFile; fileRef = E40282AB23CD96BE00489AFE /* SectionsTests.swift */; };
		E40282BD23CD96E800489AFE /* SectionsTests.swift in Sources */ = {isa = PBXBuildFile; fileRef = E40282AB23CD96BE00489AFE /* SectionsTests.swift */; };
		E40282BE23CD96EA00489AFE /* SectionsTestEnum.swift in Sources */ = {isa = PBXBuildFile; fileRef = E40282B023CD96D000489AFE /* SectionsTestEnum.swift */; };
		E40282BF23CD96EA00489AFE /* SectionsTestEnum.swift in Sources */ = {isa = PBXBuildFile; fileRef = E40282B023CD96D000489AFE /* SectionsTestEnum.swift */; };
		E40282C023CD96EA00489AFE /* SectionsTestEnum.swift in Sources */ = {isa = PBXBuildFile; fileRef = E40282B023CD96D000489AFE /* SectionsTestEnum.swift */; };
		E40282C123CD96EE00489AFE /* ArrayUtilsTests.swift in Sources */ = {isa = PBXBuildFile; fileRef = E40282B523CD96DC00489AFE /* ArrayUtilsTests.swift */; };
		E40282C223CD96EE00489AFE /* ArrayUtilsTests.swift in Sources */ = {isa = PBXBuildFile; fileRef = E40282B523CD96DC00489AFE /* ArrayUtilsTests.swift */; };
		E40282C323CD96EF00489AFE /* ArrayUtilsTests.swift in Sources */ = {isa = PBXBuildFile; fileRef = E40282B523CD96DC00489AFE /* ArrayUtilsTests.swift */; };
		E407F87023B88E54002D360C /* TSections.h in Headers */ = {isa = PBXBuildFile; fileRef = E407F86E23B88E54002D360C /* TSections.h */; settings = {ATTRIBUTES = (Public, ); }; };
		E407F89B23B88FEF002D360C /* TSections.h in Headers */ = {isa = PBXBuildFile; fileRef = E407F86E23B88E54002D360C /* TSections.h */; settings = {ATTRIBUTES = (Public, ); }; };
		E407F89D23B88FF0002D360C /* TSections.h in Headers */ = {isa = PBXBuildFile; fileRef = E407F86E23B88E54002D360C /* TSections.h */; settings = {ATTRIBUTES = (Public, ); }; };
		E407F89E23B89011002D360C /* TSections.h in Headers */ = {isa = PBXBuildFile; fileRef = E407F86E23B88E54002D360C /* TSections.h */; settings = {ATTRIBUTES = (Public, ); }; };
		E407F8AE23B899AD002D360C /* TSections.framework in Frameworks */ = {isa = PBXBuildFile; fileRef = E407F86C23B88E54002D360C /* TSections.framework */; };
		E407F8BE23B89A35002D360C /* TSections.framework in Frameworks */ = {isa = PBXBuildFile; fileRef = E407F88623B88E95002D360C /* TSections.framework */; };
		E407F8CD23B89A42002D360C /* TSections.framework in Frameworks */ = {isa = PBXBuildFile; fileRef = E407F89323B88EAF002D360C /* TSections.framework */; };
		E413F02423D5B66D00D9DB85 /* TestUtils.swift in Sources */ = {isa = PBXBuildFile; fileRef = E413F02223D5B66800D9DB85 /* TestUtils.swift */; };
		E413F02523D5B66D00D9DB85 /* TestUtils.swift in Sources */ = {isa = PBXBuildFile; fileRef = E413F02223D5B66800D9DB85 /* TestUtils.swift */; };
		E413F02623D5B66E00D9DB85 /* TestUtils.swift in Sources */ = {isa = PBXBuildFile; fileRef = E413F02223D5B66800D9DB85 /* TestUtils.swift */; };
		E413F02823D5C75700D9DB85 /* SectionEquatable.swift in Sources */ = {isa = PBXBuildFile; fileRef = E413F02723D5C75700D9DB85 /* SectionEquatable.swift */; };
		E413F02923D5C75700D9DB85 /* SectionEquatable.swift in Sources */ = {isa = PBXBuildFile; fileRef = E413F02723D5C75700D9DB85 /* SectionEquatable.swift */; };
		E413F02A23D5C75700D9DB85 /* SectionEquatable.swift in Sources */ = {isa = PBXBuildFile; fileRef = E413F02723D5C75700D9DB85 /* SectionEquatable.swift */; };
		E413F02B23D5C75700D9DB85 /* SectionEquatable.swift in Sources */ = {isa = PBXBuildFile; fileRef = E413F02723D5C75700D9DB85 /* SectionEquatable.swift */; };
		E4E3557623CEEE8300DAC78F /* ReflectionUtilsTests.swift in Sources */ = {isa = PBXBuildFile; fileRef = E4E3557523CEEE7700DAC78F /* ReflectionUtilsTests.swift */; };
		E4E3557723CEEE8300DAC78F /* ReflectionUtilsTests.swift in Sources */ = {isa = PBXBuildFile; fileRef = E4E3557523CEEE7700DAC78F /* ReflectionUtilsTests.swift */; };
		E4E3557823CEEE8300DAC78F /* ReflectionUtilsTests.swift in Sources */ = {isa = PBXBuildFile; fileRef = E4E3557523CEEE7700DAC78F /* ReflectionUtilsTests.swift */; };
/* End PBXBuildFile section */

/* Begin PBXContainerItemProxy section */
		E407F8AF23B899AD002D360C /* PBXContainerItemProxy */ = {
			isa = PBXContainerItemProxy;
			containerPortal = E407F85223B88D9B002D360C /* Project object */;
			proxyType = 1;
			remoteGlobalIDString = E407F86B23B88E54002D360C;
			remoteInfo = "LibrarySetup-iOS";
		};
		E407F8BF23B89A35002D360C /* PBXContainerItemProxy */ = {
			isa = PBXContainerItemProxy;
			containerPortal = E407F85223B88D9B002D360C /* Project object */;
			proxyType = 1;
			remoteGlobalIDString = E407F88523B88E95002D360C;
			remoteInfo = "LibrarySetup-tvOS";
		};
		E407F8CE23B89A42002D360C /* PBXContainerItemProxy */ = {
			isa = PBXContainerItemProxy;
			containerPortal = E407F85223B88D9B002D360C /* Project object */;
			proxyType = 1;
			remoteGlobalIDString = E407F89223B88EAF002D360C;
			remoteInfo = "LibrarySetup-macOS";
		};
/* End PBXContainerItemProxy section */

/* Begin PBXFileReference section */
		E402828E23CD941200489AFE /* Sections.swift */ = {isa = PBXFileReference; lastKnownFileType = sourcecode.swift; path = Sections.swift; sourceTree = "<group>"; };
		E402829323CD942E00489AFE /* Section.swift */ = {isa = PBXFileReference; lastKnownFileType = sourcecode.swift; path = Section.swift; sourceTree = "<group>"; };
		E402829823CD946400489AFE /* SectionsArray.swift */ = {isa = PBXFileReference; lastKnownFileType = sourcecode.swift; path = SectionsArray.swift; sourceTree = "<group>"; };
		E402829D23CD947100489AFE /* ArrayUtils.swift */ = {isa = PBXFileReference; lastKnownFileType = sourcecode.swift; path = ArrayUtils.swift; sourceTree = "<group>"; };
		E40282A223CD948900489AFE /* ReflectionUtils.swift */ = {isa = PBXFileReference; lastKnownFileType = sourcecode.swift; path = ReflectionUtils.swift; sourceTree = "<group>"; };
		E40282A723CD96B100489AFE /* SectionTests.swift */ = {isa = PBXFileReference; lastKnownFileType = sourcecode.swift; path = SectionTests.swift; sourceTree = "<group>"; };
		E40282AB23CD96BE00489AFE /* SectionsTests.swift */ = {isa = PBXFileReference; lastKnownFileType = sourcecode.swift; path = SectionsTests.swift; sourceTree = "<group>"; };
		E40282B023CD96D000489AFE /* SectionsTestEnum.swift */ = {isa = PBXFileReference; lastKnownFileType = sourcecode.swift; path = SectionsTestEnum.swift; sourceTree = "<group>"; };
		E40282B523CD96DC00489AFE /* ArrayUtilsTests.swift */ = {isa = PBXFileReference; lastKnownFileType = sourcecode.swift; path = ArrayUtilsTests.swift; sourceTree = "<group>"; };
		E407F86C23B88E54002D360C /* TSections.framework */ = {isa = PBXFileReference; explicitFileType = wrapper.framework; includeInIndex = 0; path = TSections.framework; sourceTree = BUILT_PRODUCTS_DIR; };
		E407F86E23B88E54002D360C /* TSections.h */ = {isa = PBXFileReference; lastKnownFileType = sourcecode.c.h; path = TSections.h; sourceTree = "<group>"; };
		E407F87923B88E7E002D360C /* TSections.framework */ = {isa = PBXFileReference; explicitFileType = wrapper.framework; includeInIndex = 0; path = TSections.framework; sourceTree = BUILT_PRODUCTS_DIR; };
		E407F88623B88E95002D360C /* TSections.framework */ = {isa = PBXFileReference; explicitFileType = wrapper.framework; includeInIndex = 0; path = TSections.framework; sourceTree = BUILT_PRODUCTS_DIR; };
		E407F89323B88EAF002D360C /* TSections.framework */ = {isa = PBXFileReference; explicitFileType = wrapper.framework; includeInIndex = 0; path = TSections.framework; sourceTree = BUILT_PRODUCTS_DIR; };
		E407F89623B88EAF002D360C /* Info.plist */ = {isa = PBXFileReference; lastKnownFileType = text.plist.xml; path = Info.plist; sourceTree = "<group>"; };
		E407F8A923B899AD002D360C /* TSectionsTests-iOS.xctest */ = {isa = PBXFileReference; explicitFileType = wrapper.cfbundle; includeInIndex = 0; path = "TSectionsTests-iOS.xctest"; sourceTree = BUILT_PRODUCTS_DIR; };
		E407F8B923B89A34002D360C /* TSectionsTests-tvOS.xctest */ = {isa = PBXFileReference; explicitFileType = wrapper.cfbundle; includeInIndex = 0; path = "TSectionsTests-tvOS.xctest"; sourceTree = BUILT_PRODUCTS_DIR; };
		E407F8C823B89A42002D360C /* TSectionsTests-macOS.xctest */ = {isa = PBXFileReference; explicitFileType = wrapper.cfbundle; includeInIndex = 0; path = "TSectionsTests-macOS.xctest"; sourceTree = BUILT_PRODUCTS_DIR; };
		E407F8CC23B89A42002D360C /* Info.plist */ = {isa = PBXFileReference; lastKnownFileType = text.plist.xml; path = Info.plist; sourceTree = "<group>"; };
		E413F02223D5B66800D9DB85 /* TestUtils.swift */ = {isa = PBXFileReference; lastKnownFileType = sourcecode.swift; path = TestUtils.swift; sourceTree = "<group>"; };
		E413F02723D5C75700D9DB85 /* SectionEquatable.swift */ = {isa = PBXFileReference; lastKnownFileType = sourcecode.swift; path = SectionEquatable.swift; sourceTree = "<group>"; };
		E4E3557523CEEE7700DAC78F /* ReflectionUtilsTests.swift */ = {isa = PBXFileReference; lastKnownFileType = sourcecode.swift; path = ReflectionUtilsTests.swift; sourceTree = "<group>"; };
		E4E78A9723C50B6200C96E1C /* Base.xcconfig */ = {isa = PBXFileReference; lastKnownFileType = text.xcconfig; path = Base.xcconfig; sourceTree = "<group>"; };
/* End PBXFileReference section */

/* Begin PBXFrameworksBuildPhase section */
		E407F86923B88E54002D360C /* Frameworks */ = {
			isa = PBXFrameworksBuildPhase;
			buildActionMask = 2147483647;
			files = (
			);
			runOnlyForDeploymentPostprocessing = 0;
		};
		E407F87623B88E7E002D360C /* Frameworks */ = {
			isa = PBXFrameworksBuildPhase;
			buildActionMask = 2147483647;
			files = (
			);
			runOnlyForDeploymentPostprocessing = 0;
		};
		E407F88323B88E95002D360C /* Frameworks */ = {
			isa = PBXFrameworksBuildPhase;
			buildActionMask = 2147483647;
			files = (
			);
			runOnlyForDeploymentPostprocessing = 0;
		};
		E407F89023B88EAF002D360C /* Frameworks */ = {
			isa = PBXFrameworksBuildPhase;
			buildActionMask = 2147483647;
			files = (
			);
			runOnlyForDeploymentPostprocessing = 0;
		};
		E407F8A623B899AD002D360C /* Frameworks */ = {
			isa = PBXFrameworksBuildPhase;
			buildActionMask = 2147483647;
			files = (
				E407F8AE23B899AD002D360C /* TSections.framework in Frameworks */,
			);
			runOnlyForDeploymentPostprocessing = 0;
		};
		E407F8B623B89A34002D360C /* Frameworks */ = {
			isa = PBXFrameworksBuildPhase;
			buildActionMask = 2147483647;
			files = (
				E407F8BE23B89A35002D360C /* TSections.framework in Frameworks */,
			);
			runOnlyForDeploymentPostprocessing = 0;
		};
		E407F8C523B89A42002D360C /* Frameworks */ = {
			isa = PBXFrameworksBuildPhase;
			buildActionMask = 2147483647;
			files = (
				E407F8CD23B89A42002D360C /* TSections.framework in Frameworks */,
			);
			runOnlyForDeploymentPostprocessing = 0;
		};
/* End PBXFrameworksBuildPhase section */

/* Begin PBXGroup section */
		E407F85123B88D9B002D360C = {
			isa = PBXGroup;
			children = (
				E407F86623B88DC1002D360C /* Sources */,
				E407F8AA23B899AD002D360C /* Tests */,
				E4E78A9623C50B4B00C96E1C /* Config */,
				E407F85C23B88D9B002D360C /* Products */,
			);
			sourceTree = "<group>";
		};
		E407F85C23B88D9B002D360C /* Products */ = {
			isa = PBXGroup;
			children = (
				E407F86C23B88E54002D360C /* TSections.framework */,
				E407F87923B88E7E002D360C /* TSections.framework */,
				E407F88623B88E95002D360C /* TSections.framework */,
				E407F89323B88EAF002D360C /* TSections.framework */,
				E407F8A923B899AD002D360C /* TSectionsTests-iOS.xctest */,
				E407F8B923B89A34002D360C /* TSectionsTests-tvOS.xctest */,
				E407F8C823B89A42002D360C /* TSectionsTests-macOS.xctest */,
			);
			name = Products;
			sourceTree = "<group>";
		};
		E407F86623B88DC1002D360C /* Sources */ = {
			isa = PBXGroup;
			children = (
				E402828E23CD941200489AFE /* Sections.swift */,
				E402829323CD942E00489AFE /* Section.swift */,
				E402829823CD946400489AFE /* SectionsArray.swift */,
				E413F02723D5C75700D9DB85 /* SectionEquatable.swift */,
				E402829D23CD947100489AFE /* ArrayUtils.swift */,
				E40282A223CD948900489AFE /* ReflectionUtils.swift */,
				E407F86E23B88E54002D360C /* TSections.h */,
				E407F8A423B8916F002D360C /* Supporting Files */,
			);
			path = Sources;
			sourceTree = "<group>";
		};
		E407F8A423B8916F002D360C /* Supporting Files */ = {
			isa = PBXGroup;
			children = (
				E407F89623B88EAF002D360C /* Info.plist */,
			);
			name = "Supporting Files";
			sourceTree = "<group>";
		};
		E407F8AA23B899AD002D360C /* Tests */ = {
			isa = PBXGroup;
			children = (
				E40282A723CD96B100489AFE /* SectionTests.swift */,
				E40282AB23CD96BE00489AFE /* SectionsTests.swift */,
				E40282B523CD96DC00489AFE /* ArrayUtilsTests.swift */,
				E4E3557523CEEE7700DAC78F /* ReflectionUtilsTests.swift */,
				E40282B023CD96D000489AFE /* SectionsTestEnum.swift */,
				E413F02223D5B66800D9DB85 /* TestUtils.swift */,
				E407F8D323B89AA8002D360C /* Supporting Files */,
			);
			path = Tests;
			sourceTree = "<group>";
		};
		E407F8D323B89AA8002D360C /* Supporting Files */ = {
			isa = PBXGroup;
			children = (
				E407F8CC23B89A42002D360C /* Info.plist */,
			);
			name = "Supporting Files";
			sourceTree = "<group>";
		};
		E4E78A9623C50B4B00C96E1C /* Config */ = {
			isa = PBXGroup;
			children = (
				E4E78A9723C50B6200C96E1C /* Base.xcconfig */,
			);
			path = Config;
			sourceTree = "<group>";
		};
/* End PBXGroup section */

/* Begin PBXHeadersBuildPhase section */
		E407F86723B88E54002D360C /* Headers */ = {
			isa = PBXHeadersBuildPhase;
			buildActionMask = 2147483647;
			files = (
				E407F87023B88E54002D360C /* TSections.h in Headers */,
			);
			runOnlyForDeploymentPostprocessing = 0;
		};
		E407F87423B88E7E002D360C /* Headers */ = {
			isa = PBXHeadersBuildPhase;
			buildActionMask = 2147483647;
			files = (
				E407F89B23B88FEF002D360C /* TSections.h in Headers */,
			);
			runOnlyForDeploymentPostprocessing = 0;
		};
		E407F88123B88E95002D360C /* Headers */ = {
			isa = PBXHeadersBuildPhase;
			buildActionMask = 2147483647;
			files = (
				E407F89D23B88FF0002D360C /* TSections.h in Headers */,
			);
			runOnlyForDeploymentPostprocessing = 0;
		};
		E407F88E23B88EAF002D360C /* Headers */ = {
			isa = PBXHeadersBuildPhase;
			buildActionMask = 2147483647;
			files = (
				E407F89E23B89011002D360C /* TSections.h in Headers */,
			);
			runOnlyForDeploymentPostprocessing = 0;
		};
/* End PBXHeadersBuildPhase section */

/* Begin PBXNativeTarget section */
		E407F86B23B88E54002D360C /* TSections-iOS */ = {
			isa = PBXNativeTarget;
			buildConfigurationList = E407F87123B88E54002D360C /* Build configuration list for PBXNativeTarget "TSections-iOS" */;
			buildPhases = (
				E40282CB23CD9EF300489AFE /* SwiftLint */,
				E407F86723B88E54002D360C /* Headers */,
				E407F86823B88E54002D360C /* Sources */,
				E407F86923B88E54002D360C /* Frameworks */,
				E407F86A23B88E54002D360C /* Resources */,
			);
			buildRules = (
			);
			dependencies = (
			);
			name = "TSections-iOS";
			productName = "LibrarySetup-iOS";
			productReference = E407F86C23B88E54002D360C /* TSections.framework */;
			productType = "com.apple.product-type.framework";
		};
		E407F87823B88E7E002D360C /* TSections-watchOS */ = {
			isa = PBXNativeTarget;
			buildConfigurationList = E407F87E23B88E7E002D360C /* Build configuration list for PBXNativeTarget "TSections-watchOS" */;
			buildPhases = (
				E407F87423B88E7E002D360C /* Headers */,
				E407F87523B88E7E002D360C /* Sources */,
				E407F87623B88E7E002D360C /* Frameworks */,
				E407F87723B88E7E002D360C /* Resources */,
			);
			buildRules = (
			);
			dependencies = (
			);
			name = "TSections-watchOS";
			productName = "LibrarySetup-watchOS";
			productReference = E407F87923B88E7E002D360C /* TSections.framework */;
			productType = "com.apple.product-type.framework";
		};
		E407F88523B88E95002D360C /* TSections-tvOS */ = {
			isa = PBXNativeTarget;
			buildConfigurationList = E407F88B23B88E95002D360C /* Build configuration list for PBXNativeTarget "TSections-tvOS" */;
			buildPhases = (
				E407F88123B88E95002D360C /* Headers */,
				E407F88223B88E95002D360C /* Sources */,
				E407F88323B88E95002D360C /* Frameworks */,
				E407F88423B88E95002D360C /* Resources */,
			);
			buildRules = (
			);
			dependencies = (
			);
			name = "TSections-tvOS";
			productName = "LibrarySetup-tvOS";
			productReference = E407F88623B88E95002D360C /* TSections.framework */;
			productType = "com.apple.product-type.framework";
		};
		E407F89223B88EAF002D360C /* TSections-macOS */ = {
			isa = PBXNativeTarget;
			buildConfigurationList = E407F89823B88EAF002D360C /* Build configuration list for PBXNativeTarget "TSections-macOS" */;
			buildPhases = (
				E407F88E23B88EAF002D360C /* Headers */,
				E407F88F23B88EAF002D360C /* Sources */,
				E407F89023B88EAF002D360C /* Frameworks */,
				E407F89123B88EAF002D360C /* Resources */,
			);
			buildRules = (
			);
			dependencies = (
			);
			name = "TSections-macOS";
			productName = "LibrarySetup-macOS";
			productReference = E407F89323B88EAF002D360C /* TSections.framework */;
			productType = "com.apple.product-type.framework";
		};
		E407F8A823B899AD002D360C /* TSectionsTests-iOS */ = {
			isa = PBXNativeTarget;
			buildConfigurationList = E407F8B123B899AD002D360C /* Build configuration list for PBXNativeTarget "TSectionsTests-iOS" */;
			buildPhases = (
				E407F8A523B899AD002D360C /* Sources */,
				E407F8A623B899AD002D360C /* Frameworks */,
				E407F8A723B899AD002D360C /* Resources */,
			);
			buildRules = (
			);
			dependencies = (
				E407F8B023B899AD002D360C /* PBXTargetDependency */,
			);
			name = "TSectionsTests-iOS";
			productName = "LibrarySetupTests-iOS";
			productReference = E407F8A923B899AD002D360C /* TSectionsTests-iOS.xctest */;
			productType = "com.apple.product-type.bundle.unit-test";
		};
		E407F8B823B89A34002D360C /* TSectionsTests-tvOS */ = {
			isa = PBXNativeTarget;
			buildConfigurationList = E407F8C123B89A35002D360C /* Build configuration list for PBXNativeTarget "TSectionsTests-tvOS" */;
			buildPhases = (
				E407F8B523B89A34002D360C /* Sources */,
				E407F8B623B89A34002D360C /* Frameworks */,
				E407F8B723B89A34002D360C /* Resources */,
			);
			buildRules = (
			);
			dependencies = (
				E407F8C023B89A35002D360C /* PBXTargetDependency */,
			);
			name = "TSectionsTests-tvOS";
			productName = "LibrarySetupTests-tvOS";
			productReference = E407F8B923B89A34002D360C /* TSectionsTests-tvOS.xctest */;
			productType = "com.apple.product-type.bundle.unit-test";
		};
		E407F8C723B89A42002D360C /* TSectionsTests-macOS */ = {
			isa = PBXNativeTarget;
			buildConfigurationList = E407F8D023B89A42002D360C /* Build configuration list for PBXNativeTarget "TSectionsTests-macOS" */;
			buildPhases = (
				E407F8C423B89A42002D360C /* Sources */,
				E407F8C523B89A42002D360C /* Frameworks */,
				E407F8C623B89A42002D360C /* Resources */,
			);
			buildRules = (
			);
			dependencies = (
				E407F8CF23B89A42002D360C /* PBXTargetDependency */,
			);
			name = "TSectionsTests-macOS";
			productName = "LibrarySetupTests-macOS";
			productReference = E407F8C823B89A42002D360C /* TSectionsTests-macOS.xctest */;
			productType = "com.apple.product-type.bundle.unit-test";
		};
/* End PBXNativeTarget section */

/* Begin PBXProject section */
		E407F85223B88D9B002D360C /* Project object */ = {
			isa = PBXProject;
			attributes = {
				LastSwiftUpdateCheck = 1120;
				LastUpgradeCheck = 1120;
				ORGANIZATIONNAME = "Kita, Maksim";
				TargetAttributes = {
					E407F86B23B88E54002D360C = {
						CreatedOnToolsVersion = 11.2.1;
						LastSwiftMigration = 1120;
					};
					E407F87823B88E7E002D360C = {
						CreatedOnToolsVersion = 11.2.1;
					};
					E407F88523B88E95002D360C = {
						CreatedOnToolsVersion = 11.2.1;
					};
					E407F89223B88EAF002D360C = {
						CreatedOnToolsVersion = 11.2.1;
					};
					E407F8A823B899AD002D360C = {
						CreatedOnToolsVersion = 11.2.1;
					};
					E407F8B823B89A34002D360C = {
						CreatedOnToolsVersion = 11.2.1;
					};
					E407F8C723B89A42002D360C = {
						CreatedOnToolsVersion = 11.2.1;
					};
				};
			};
			buildConfigurationList = E407F85523B88D9B002D360C /* Build configuration list for PBXProject "TSections" */;
			compatibilityVersion = "Xcode 9.3";
			developmentRegion = en;
			hasScannedForEncodings = 0;
			knownRegions = (
				en,
				Base,
			);
			mainGroup = E407F85123B88D9B002D360C;
			productRefGroup = E407F85C23B88D9B002D360C /* Products */;
			projectDirPath = "";
			projectRoot = "";
			targets = (
				E407F86B23B88E54002D360C /* TSections-iOS */,
				E407F87823B88E7E002D360C /* TSections-watchOS */,
				E407F88523B88E95002D360C /* TSections-tvOS */,
				E407F89223B88EAF002D360C /* TSections-macOS */,
				E407F8A823B899AD002D360C /* TSectionsTests-iOS */,
				E407F8B823B89A34002D360C /* TSectionsTests-tvOS */,
				E407F8C723B89A42002D360C /* TSectionsTests-macOS */,
			);
		};
/* End PBXProject section */

/* Begin PBXResourcesBuildPhase section */
		E407F86A23B88E54002D360C /* Resources */ = {
			isa = PBXResourcesBuildPhase;
			buildActionMask = 2147483647;
			files = (
			);
			runOnlyForDeploymentPostprocessing = 0;
		};
		E407F87723B88E7E002D360C /* Resources */ = {
			isa = PBXResourcesBuildPhase;
			buildActionMask = 2147483647;
			files = (
			);
			runOnlyForDeploymentPostprocessing = 0;
		};
		E407F88423B88E95002D360C /* Resources */ = {
			isa = PBXResourcesBuildPhase;
			buildActionMask = 2147483647;
			files = (
			);
			runOnlyForDeploymentPostprocessing = 0;
		};
		E407F89123B88EAF002D360C /* Resources */ = {
			isa = PBXResourcesBuildPhase;
			buildActionMask = 2147483647;
			files = (
			);
			runOnlyForDeploymentPostprocessing = 0;
		};
		E407F8A723B899AD002D360C /* Resources */ = {
			isa = PBXResourcesBuildPhase;
			buildActionMask = 2147483647;
			files = (
			);
			runOnlyForDeploymentPostprocessing = 0;
		};
		E407F8B723B89A34002D360C /* Resources */ = {
			isa = PBXResourcesBuildPhase;
			buildActionMask = 2147483647;
			files = (
			);
			runOnlyForDeploymentPostprocessing = 0;
		};
		E407F8C623B89A42002D360C /* Resources */ = {
			isa = PBXResourcesBuildPhase;
			buildActionMask = 2147483647;
			files = (
			);
			runOnlyForDeploymentPostprocessing = 0;
		};
/* End PBXResourcesBuildPhase section */

/* Begin PBXShellScriptBuildPhase section */
		E40282CB23CD9EF300489AFE /* SwiftLint */ = {
			isa = PBXShellScriptBuildPhase;
			buildActionMask = 2147483647;
			files = (
			);
			inputFileListPaths = (
			);
			inputPaths = (
			);
			name = SwiftLint;
			outputFileListPaths = (
			);
			outputPaths = (
			);
			runOnlyForDeploymentPostprocessing = 0;
			shellPath = /bin/sh;
			shellScript = "if which swiftlint >/dev/null; then\n  swiftlint\nelse\n  echo \"warning: SwiftLint not installed, download from https://github.com/realm/SwiftLint\"\nfi\n";
		};
/* End PBXShellScriptBuildPhase section */

/* Begin PBXSourcesBuildPhase section */
		E407F86823B88E54002D360C /* Sources */ = {
			isa = PBXSourcesBuildPhase;
			buildActionMask = 2147483647;
			files = (
				E402828F23CD941200489AFE /* Sections.swift in Sources */,
				E40282A323CD948900489AFE /* ReflectionUtils.swift in Sources */,
				E402829923CD946400489AFE /* SectionsArray.swift in Sources */,
				E402829423CD942E00489AFE /* Section.swift in Sources */,
				E413F02823D5C75700D9DB85 /* SectionEquatable.swift in Sources */,
				E402829E23CD947100489AFE /* ArrayUtils.swift in Sources */,
			);
			runOnlyForDeploymentPostprocessing = 0;
		};
		E407F87523B88E7E002D360C /* Sources */ = {
			isa = PBXSourcesBuildPhase;
			buildActionMask = 2147483647;
			files = (
				E402829023CD941500489AFE /* Sections.swift in Sources */,
				E40282A423CD948900489AFE /* ReflectionUtils.swift in Sources */,
				E402829A23CD946400489AFE /* SectionsArray.swift in Sources */,
				E402829723CD943100489AFE /* Section.swift in Sources */,
				E413F02923D5C75700D9DB85 /* SectionEquatable.swift in Sources */,
				E402829F23CD947100489AFE /* ArrayUtils.swift in Sources */,
			);
			runOnlyForDeploymentPostprocessing = 0;
		};
		E407F88223B88E95002D360C /* Sources */ = {
			isa = PBXSourcesBuildPhase;
			buildActionMask = 2147483647;
			files = (
				E402829123CD941500489AFE /* Sections.swift in Sources */,
				E40282A523CD948900489AFE /* ReflectionUtils.swift in Sources */,
				E402829B23CD946400489AFE /* SectionsArray.swift in Sources */,
				E402829623CD943000489AFE /* Section.swift in Sources */,
				E413F02A23D5C75700D9DB85 /* SectionEquatable.swift in Sources */,
				E40282A023CD947100489AFE /* ArrayUtils.swift in Sources */,
			);
			runOnlyForDeploymentPostprocessing = 0;
		};
		E407F88F23B88EAF002D360C /* Sources */ = {
			isa = PBXSourcesBuildPhase;
			buildActionMask = 2147483647;
			files = (
				E402829223CD941600489AFE /* Sections.swift in Sources */,
				E40282A623CD948900489AFE /* ReflectionUtils.swift in Sources */,
				E402829C23CD946400489AFE /* SectionsArray.swift in Sources */,
				E402829523CD943000489AFE /* Section.swift in Sources */,
				E413F02B23D5C75700D9DB85 /* SectionEquatable.swift in Sources */,
				E40282A123CD947100489AFE /* ArrayUtils.swift in Sources */,
			);
			runOnlyForDeploymentPostprocessing = 0;
		};
		E407F8A523B899AD002D360C /* Sources */ = {
			isa = PBXSourcesBuildPhase;
			buildActionMask = 2147483647;
			files = (
				E40282BE23CD96EA00489AFE /* SectionsTestEnum.swift in Sources */,
				E413F02423D5B66D00D9DB85 /* TestUtils.swift in Sources */,
				E40282A823CD96B300489AFE /* SectionTests.swift in Sources */,
				E40282BB23CD96E700489AFE /* SectionsTests.swift in Sources */,
				E40282C323CD96EF00489AFE /* ArrayUtilsTests.swift in Sources */,
				E4E3557623CEEE8300DAC78F /* ReflectionUtilsTests.swift in Sources */,
			);
			runOnlyForDeploymentPostprocessing = 0;
		};
		E407F8B523B89A34002D360C /* Sources */ = {
			isa = PBXSourcesBuildPhase;
			buildActionMask = 2147483647;
			files = (
				E40282BF23CD96EA00489AFE /* SectionsTestEnum.swift in Sources */,
				E413F02523D5B66D00D9DB85 /* TestUtils.swift in Sources */,
				E40282A923CD96B400489AFE /* SectionTests.swift in Sources */,
				E40282BC23CD96E800489AFE /* SectionsTests.swift in Sources */,
				E40282C223CD96EE00489AFE /* ArrayUtilsTests.swift in Sources */,
				E4E3557723CEEE8300DAC78F /* ReflectionUtilsTests.swift in Sources */,
			);
			runOnlyForDeploymentPostprocessing = 0;
		};
		E407F8C423B89A42002D360C /* Sources */ = {
			isa = PBXSourcesBuildPhase;
			buildActionMask = 2147483647;
			files = (
				E40282C023CD96EA00489AFE /* SectionsTestEnum.swift in Sources */,
				E413F02623D5B66E00D9DB85 /* TestUtils.swift in Sources */,
				E40282AA23CD96B400489AFE /* SectionTests.swift in Sources */,
				E40282BD23CD96E800489AFE /* SectionsTests.swift in Sources */,
				E40282C123CD96EE00489AFE /* ArrayUtilsTests.swift in Sources */,
				E4E3557823CEEE8300DAC78F /* ReflectionUtilsTests.swift in Sources */,
			);
			runOnlyForDeploymentPostprocessing = 0;
		};
/* End PBXSourcesBuildPhase section */

/* Begin PBXTargetDependency section */
		E407F8B023B899AD002D360C /* PBXTargetDependency */ = {
			isa = PBXTargetDependency;
			target = E407F86B23B88E54002D360C /* TSections-iOS */;
			targetProxy = E407F8AF23B899AD002D360C /* PBXContainerItemProxy */;
		};
		E407F8C023B89A35002D360C /* PBXTargetDependency */ = {
			isa = PBXTargetDependency;
			target = E407F88523B88E95002D360C /* TSections-tvOS */;
			targetProxy = E407F8BF23B89A35002D360C /* PBXContainerItemProxy */;
		};
		E407F8CF23B89A42002D360C /* PBXTargetDependency */ = {
			isa = PBXTargetDependency;
			target = E407F89223B88EAF002D360C /* TSections-macOS */;
			targetProxy = E407F8CE23B89A42002D360C /* PBXContainerItemProxy */;
		};
/* End PBXTargetDependency section */

/* Begin XCBuildConfiguration section */
		E407F86123B88D9B002D360C /* Debug */ = {
			isa = XCBuildConfiguration;
			baseConfigurationReference = E4E78A9723C50B6200C96E1C /* Base.xcconfig */;
			buildSettings = {
				ALWAYS_SEARCH_USER_PATHS = NO;
				CLANG_ANALYZER_NONNULL = YES;
				CLANG_ANALYZER_NUMBER_OBJECT_CONVERSION = YES_AGGRESSIVE;
				CLANG_CXX_LANGUAGE_STANDARD = "gnu++14";
				CLANG_CXX_LIBRARY = "libc++";
				CLANG_ENABLE_MODULES = YES;
				CLANG_ENABLE_OBJC_ARC = YES;
				CLANG_ENABLE_OBJC_WEAK = YES;
				CLANG_WARN_BLOCK_CAPTURE_AUTORELEASING = YES;
				CLANG_WARN_BOOL_CONVERSION = YES;
				CLANG_WARN_COMMA = YES;
				CLANG_WARN_CONSTANT_CONVERSION = YES;
				CLANG_WARN_DEPRECATED_OBJC_IMPLEMENTATIONS = YES;
				CLANG_WARN_DIRECT_OBJC_ISA_USAGE = YES_ERROR;
				CLANG_WARN_DOCUMENTATION_COMMENTS = YES;
				CLANG_WARN_EMPTY_BODY = YES;
				CLANG_WARN_ENUM_CONVERSION = YES;
				CLANG_WARN_INFINITE_RECURSION = YES;
				CLANG_WARN_INT_CONVERSION = YES;
				CLANG_WARN_NON_LITERAL_NULL_CONVERSION = YES;
				CLANG_WARN_OBJC_IMPLICIT_RETAIN_SELF = YES;
				CLANG_WARN_OBJC_LITERAL_CONVERSION = YES;
				CLANG_WARN_OBJC_ROOT_CLASS = YES_ERROR;
				CLANG_WARN_RANGE_LOOP_ANALYSIS = YES;
				CLANG_WARN_STRICT_PROTOTYPES = YES;
				CLANG_WARN_SUSPICIOUS_MOVE = YES;
				CLANG_WARN_UNGUARDED_AVAILABILITY = YES_AGGRESSIVE;
				CLANG_WARN_UNREACHABLE_CODE = YES;
				CLANG_WARN__DUPLICATE_METHOD_MATCH = YES;
				COPY_PHASE_STRIP = NO;
				CURRENT_PROJECT_VERSION = 1;
				DEBUG_INFORMATION_FORMAT = dwarf;
				ENABLE_STRICT_OBJC_MSGSEND = YES;
				ENABLE_TESTABILITY = YES;
				GCC_C_LANGUAGE_STANDARD = gnu11;
				GCC_DYNAMIC_NO_PIC = NO;
				GCC_NO_COMMON_BLOCKS = YES;
				GCC_OPTIMIZATION_LEVEL = 0;
				GCC_PREPROCESSOR_DEFINITIONS = (
					"DEBUG=1",
					"$(inherited)",
				);
				GCC_WARN_64_TO_32_BIT_CONVERSION = YES;
				GCC_WARN_ABOUT_RETURN_TYPE = YES_ERROR;
				GCC_WARN_UNDECLARED_SELECTOR = YES;
				GCC_WARN_UNINITIALIZED_AUTOS = YES_AGGRESSIVE;
				GCC_WARN_UNUSED_FUNCTION = YES;
				GCC_WARN_UNUSED_VARIABLE = YES;
				MTL_ENABLE_DEBUG_INFO = INCLUDE_SOURCE;
				MTL_FAST_MATH = YES;
				ONLY_ACTIVE_ARCH = YES;
				SWIFT_ACTIVE_COMPILATION_CONDITIONS = DEBUG;
				SWIFT_OPTIMIZATION_LEVEL = "-Onone";
				VERSIONING_SYSTEM = "apple-generic";
				VERSION_INFO_PREFIX = "";
			};
			name = Debug;
		};
		E407F86223B88D9B002D360C /* Release */ = {
			isa = XCBuildConfiguration;
			baseConfigurationReference = E4E78A9723C50B6200C96E1C /* Base.xcconfig */;
			buildSettings = {
				ALWAYS_SEARCH_USER_PATHS = NO;
				CLANG_ANALYZER_NONNULL = YES;
				CLANG_ANALYZER_NUMBER_OBJECT_CONVERSION = YES_AGGRESSIVE;
				CLANG_CXX_LANGUAGE_STANDARD = "gnu++14";
				CLANG_CXX_LIBRARY = "libc++";
				CLANG_ENABLE_MODULES = YES;
				CLANG_ENABLE_OBJC_ARC = YES;
				CLANG_ENABLE_OBJC_WEAK = YES;
				CLANG_WARN_BLOCK_CAPTURE_AUTORELEASING = YES;
				CLANG_WARN_BOOL_CONVERSION = YES;
				CLANG_WARN_COMMA = YES;
				CLANG_WARN_CONSTANT_CONVERSION = YES;
				CLANG_WARN_DEPRECATED_OBJC_IMPLEMENTATIONS = YES;
				CLANG_WARN_DIRECT_OBJC_ISA_USAGE = YES_ERROR;
				CLANG_WARN_DOCUMENTATION_COMMENTS = YES;
				CLANG_WARN_EMPTY_BODY = YES;
				CLANG_WARN_ENUM_CONVERSION = YES;
				CLANG_WARN_INFINITE_RECURSION = YES;
				CLANG_WARN_INT_CONVERSION = YES;
				CLANG_WARN_NON_LITERAL_NULL_CONVERSION = YES;
				CLANG_WARN_OBJC_IMPLICIT_RETAIN_SELF = YES;
				CLANG_WARN_OBJC_LITERAL_CONVERSION = YES;
				CLANG_WARN_OBJC_ROOT_CLASS = YES_ERROR;
				CLANG_WARN_RANGE_LOOP_ANALYSIS = YES;
				CLANG_WARN_STRICT_PROTOTYPES = YES;
				CLANG_WARN_SUSPICIOUS_MOVE = YES;
				CLANG_WARN_UNGUARDED_AVAILABILITY = YES_AGGRESSIVE;
				CLANG_WARN_UNREACHABLE_CODE = YES;
				CLANG_WARN__DUPLICATE_METHOD_MATCH = YES;
				COPY_PHASE_STRIP = NO;
				CURRENT_PROJECT_VERSION = 1;
				DEBUG_INFORMATION_FORMAT = "dwarf-with-dsym";
				ENABLE_NS_ASSERTIONS = NO;
				ENABLE_STRICT_OBJC_MSGSEND = YES;
				GCC_C_LANGUAGE_STANDARD = gnu11;
				GCC_NO_COMMON_BLOCKS = YES;
				GCC_WARN_64_TO_32_BIT_CONVERSION = YES;
				GCC_WARN_ABOUT_RETURN_TYPE = YES_ERROR;
				GCC_WARN_UNDECLARED_SELECTOR = YES;
				GCC_WARN_UNINITIALIZED_AUTOS = YES_AGGRESSIVE;
				GCC_WARN_UNUSED_FUNCTION = YES;
				GCC_WARN_UNUSED_VARIABLE = YES;
				MTL_ENABLE_DEBUG_INFO = NO;
				MTL_FAST_MATH = YES;
				SWIFT_COMPILATION_MODE = wholemodule;
				SWIFT_OPTIMIZATION_LEVEL = "-O";
				VALIDATE_PRODUCT = YES;
				VERSIONING_SYSTEM = "apple-generic";
				VERSION_INFO_PREFIX = "";
			};
			name = Release;
		};
		E407F87223B88E54002D360C /* Debug */ = {
			isa = XCBuildConfiguration;
			buildSettings = {
				CLANG_ENABLE_MODULES = YES;
				DEFINES_MODULE = YES;
				DYLIB_COMPATIBILITY_VERSION = 1;
				DYLIB_CURRENT_VERSION = 1;
				DYLIB_INSTALL_NAME_BASE = "@rpath";
				INFOPLIST_FILE = Sources/Info.plist;
				INSTALL_PATH = "$(LOCAL_LIBRARY_DIR)/Frameworks";
				LD_RUNPATH_SEARCH_PATHS = (
					"$(inherited)",
					"@executable_path/Frameworks",
					"@loader_path/Frameworks",
				);
				PRODUCT_BUNDLE_IDENTIFIER = org.tsections.iOS;
				PRODUCT_NAME = TSections;
				SDKROOT = iphoneos;
				SKIP_INSTALL = YES;
				SWIFT_OPTIMIZATION_LEVEL = "-Onone";
				SWIFT_VERSION = 5.0;
				TARGETED_DEVICE_FAMILY = "1,2";
			};
			name = Debug;
		};
		E407F87323B88E54002D360C /* Release */ = {
			isa = XCBuildConfiguration;
			buildSettings = {
				CLANG_ENABLE_MODULES = YES;
				DEFINES_MODULE = YES;
				DYLIB_COMPATIBILITY_VERSION = 1;
				DYLIB_CURRENT_VERSION = 1;
				DYLIB_INSTALL_NAME_BASE = "@rpath";
				INFOPLIST_FILE = Sources/Info.plist;
				INSTALL_PATH = "$(LOCAL_LIBRARY_DIR)/Frameworks";
				LD_RUNPATH_SEARCH_PATHS = (
					"$(inherited)",
					"@executable_path/Frameworks",
					"@loader_path/Frameworks",
				);
				PRODUCT_BUNDLE_IDENTIFIER = org.tsections.iOS;
				PRODUCT_NAME = TSections;
				SDKROOT = iphoneos;
				SKIP_INSTALL = YES;
				SWIFT_VERSION = 5.0;
				TARGETED_DEVICE_FAMILY = "1,2";
			};
			name = Release;
		};
		E407F87F23B88E7E002D360C /* Debug */ = {
			isa = XCBuildConfiguration;
			buildSettings = {
				APPLICATION_EXTENSION_API_ONLY = YES;
				DEFINES_MODULE = YES;
				DYLIB_COMPATIBILITY_VERSION = 1;
				DYLIB_CURRENT_VERSION = 1;
				DYLIB_INSTALL_NAME_BASE = "@rpath";
				INFOPLIST_FILE = Sources/Info.plist;
				INSTALL_PATH = "$(LOCAL_LIBRARY_DIR)/Frameworks";
				LD_RUNPATH_SEARCH_PATHS = (
					"$(inherited)",
					"@executable_path/Frameworks",
					"@loader_path/Frameworks",
				);
				PRODUCT_BUNDLE_IDENTIFIER = org.tsections.watchOS;
				PRODUCT_NAME = TSections;
				SDKROOT = watchos;
				SKIP_INSTALL = YES;
				TARGETED_DEVICE_FAMILY = 4;
			};
			name = Debug;
		};
		E407F88023B88E7E002D360C /* Release */ = {
			isa = XCBuildConfiguration;
			buildSettings = {
				APPLICATION_EXTENSION_API_ONLY = YES;
				DEFINES_MODULE = YES;
				DYLIB_COMPATIBILITY_VERSION = 1;
				DYLIB_CURRENT_VERSION = 1;
				DYLIB_INSTALL_NAME_BASE = "@rpath";
				INFOPLIST_FILE = Sources/Info.plist;
				INSTALL_PATH = "$(LOCAL_LIBRARY_DIR)/Frameworks";
				LD_RUNPATH_SEARCH_PATHS = (
					"$(inherited)",
					"@executable_path/Frameworks",
					"@loader_path/Frameworks",
				);
				PRODUCT_BUNDLE_IDENTIFIER = org.tsections.watchOS;
				PRODUCT_NAME = TSections;
				SDKROOT = watchos;
				SKIP_INSTALL = YES;
				TARGETED_DEVICE_FAMILY = 4;
			};
			name = Release;
		};
		E407F88C23B88E95002D360C /* Debug */ = {
			isa = XCBuildConfiguration;
			buildSettings = {
				DEFINES_MODULE = YES;
				DYLIB_COMPATIBILITY_VERSION = 1;
				DYLIB_CURRENT_VERSION = 1;
				DYLIB_INSTALL_NAME_BASE = "@rpath";
				INFOPLIST_FILE = Sources/Info.plist;
				INSTALL_PATH = "$(LOCAL_LIBRARY_DIR)/Frameworks";
				LD_RUNPATH_SEARCH_PATHS = (
					"$(inherited)",
					"@executable_path/Frameworks",
					"@loader_path/Frameworks",
				);
				PRODUCT_BUNDLE_IDENTIFIER = org.tsections.tvOS;
				PRODUCT_NAME = TSections;
				SDKROOT = appletvos;
				SKIP_INSTALL = YES;
				TARGETED_DEVICE_FAMILY = 3;
			};
			name = Debug;
		};
		E407F88D23B88E95002D360C /* Release */ = {
			isa = XCBuildConfiguration;
			buildSettings = {
				DEFINES_MODULE = YES;
				DYLIB_COMPATIBILITY_VERSION = 1;
				DYLIB_CURRENT_VERSION = 1;
				DYLIB_INSTALL_NAME_BASE = "@rpath";
				INFOPLIST_FILE = Sources/Info.plist;
				INSTALL_PATH = "$(LOCAL_LIBRARY_DIR)/Frameworks";
				LD_RUNPATH_SEARCH_PATHS = (
					"$(inherited)",
					"@executable_path/Frameworks",
					"@loader_path/Frameworks",
				);
				PRODUCT_BUNDLE_IDENTIFIER = org.tsections.tvOS;
				PRODUCT_NAME = TSections;
				SDKROOT = appletvos;
				SKIP_INSTALL = YES;
				TARGETED_DEVICE_FAMILY = 3;
			};
			name = Release;
		};
		E407F89923B88EAF002D360C /* Debug */ = {
			isa = XCBuildConfiguration;
			buildSettings = {
				COMBINE_HIDPI_IMAGES = YES;
				DEFINES_MODULE = YES;
				DYLIB_COMPATIBILITY_VERSION = 1;
				DYLIB_CURRENT_VERSION = 1;
				DYLIB_INSTALL_NAME_BASE = "@rpath";
				INFOPLIST_FILE = Sources/Info.plist;
				INSTALL_PATH = "$(LOCAL_LIBRARY_DIR)/Frameworks";
				LD_RUNPATH_SEARCH_PATHS = (
					"$(inherited)",
					"@executable_path/../Frameworks",
					"@loader_path/Frameworks",
				);
				PRODUCT_BUNDLE_IDENTIFIER = org.tsections.macOS;
				PRODUCT_NAME = TSections;
				SDKROOT = macosx;
				SKIP_INSTALL = YES;
			};
			name = Debug;
		};
		E407F89A23B88EAF002D360C /* Release */ = {
			isa = XCBuildConfiguration;
			buildSettings = {
				COMBINE_HIDPI_IMAGES = YES;
				DEFINES_MODULE = YES;
				DYLIB_COMPATIBILITY_VERSION = 1;
				DYLIB_CURRENT_VERSION = 1;
				DYLIB_INSTALL_NAME_BASE = "@rpath";
				INFOPLIST_FILE = Sources/Info.plist;
				INSTALL_PATH = "$(LOCAL_LIBRARY_DIR)/Frameworks";
				LD_RUNPATH_SEARCH_PATHS = (
					"$(inherited)",
					"@executable_path/../Frameworks",
					"@loader_path/Frameworks",
				);
				PRODUCT_BUNDLE_IDENTIFIER = org.tsections.macOS;
				PRODUCT_NAME = TSections;
				SDKROOT = macosx;
				SKIP_INSTALL = YES;
			};
			name = Release;
		};
		E407F8B223B899AD002D360C /* Debug */ = {
			isa = XCBuildConfiguration;
			buildSettings = {
				ALWAYS_EMBED_SWIFT_STANDARD_LIBRARIES = YES;
				INFOPLIST_FILE = Tests/Info.plist;
				LD_RUNPATH_SEARCH_PATHS = (
					"$(inherited)",
					"@executable_path/Frameworks",
					"@loader_path/Frameworks",
				);
				PRODUCT_BUNDLE_IDENTIFIER = "org.tsections.ios-tests";
				PRODUCT_NAME = "TSectionsTests-iOS";
				SDKROOT = iphoneos;
				TARGETED_DEVICE_FAMILY = "1,2";
			};
			name = Debug;
		};
		E407F8B323B899AD002D360C /* Release */ = {
			isa = XCBuildConfiguration;
			buildSettings = {
				ALWAYS_EMBED_SWIFT_STANDARD_LIBRARIES = YES;
				INFOPLIST_FILE = Tests/Info.plist;
				LD_RUNPATH_SEARCH_PATHS = (
					"$(inherited)",
					"@executable_path/Frameworks",
					"@loader_path/Frameworks",
				);
				PRODUCT_BUNDLE_IDENTIFIER = "org.tsections.ios-tests";
				PRODUCT_NAME = "TSectionsTests-iOS";
				SDKROOT = iphoneos;
				TARGETED_DEVICE_FAMILY = "1,2";
			};
			name = Release;
		};
		E407F8C223B89A35002D360C /* Debug */ = {
			isa = XCBuildConfiguration;
			buildSettings = {
				ALWAYS_EMBED_SWIFT_STANDARD_LIBRARIES = YES;
				INFOPLIST_FILE = Tests/Info.plist;
				LD_RUNPATH_SEARCH_PATHS = (
					"$(inherited)",
					"@executable_path/Frameworks",
					"@loader_path/Frameworks",
				);
				PRODUCT_BUNDLE_IDENTIFIER = "org.tsections.tvOS-tests";
				PRODUCT_NAME = "TSectionsTests-tvOS";
				SDKROOT = appletvos;
				TARGETED_DEVICE_FAMILY = 3;
			};
			name = Debug;
		};
		E407F8C323B89A35002D360C /* Release */ = {
			isa = XCBuildConfiguration;
			buildSettings = {
				ALWAYS_EMBED_SWIFT_STANDARD_LIBRARIES = YES;
				INFOPLIST_FILE = Tests/Info.plist;
				LD_RUNPATH_SEARCH_PATHS = (
					"$(inherited)",
					"@executable_path/Frameworks",
					"@loader_path/Frameworks",
				);
				PRODUCT_BUNDLE_IDENTIFIER = "org.tsections.tvOS-tests";
				PRODUCT_NAME = "TSectionsTests-tvOS";
				SDKROOT = appletvos;
				TARGETED_DEVICE_FAMILY = 3;
			};
			name = Release;
		};
		E407F8D123B89A42002D360C /* Debug */ = {
			isa = XCBuildConfiguration;
			buildSettings = {
				ALWAYS_EMBED_SWIFT_STANDARD_LIBRARIES = YES;
				COMBINE_HIDPI_IMAGES = YES;
				INFOPLIST_FILE = Tests/Info.plist;
				LD_RUNPATH_SEARCH_PATHS = (
					"$(inherited)",
					"@executable_path/../Frameworks",
					"@loader_path/../Frameworks",
				);
				PRODUCT_BUNDLE_IDENTIFIER = "org.tsections.macOS-tests";
				PRODUCT_NAME = "TSectionsTests-macOS";
				SDKROOT = macosx;
			};
			name = Debug;
		};
		E407F8D223B89A42002D360C /* Release */ = {
			isa = XCBuildConfiguration;
			buildSettings = {
				ALWAYS_EMBED_SWIFT_STANDARD_LIBRARIES = YES;
				COMBINE_HIDPI_IMAGES = YES;
				INFOPLIST_FILE = Tests/Info.plist;
				LD_RUNPATH_SEARCH_PATHS = (
					"$(inherited)",
					"@executable_path/../Frameworks",
					"@loader_path/../Frameworks",
				);
				PRODUCT_BUNDLE_IDENTIFIER = "org.tsections.macOS-tests";
				PRODUCT_NAME = "TSectionsTests-macOS";
				SDKROOT = macosx;
			};
			name = Release;
		};
/* End XCBuildConfiguration section */

/* Begin XCConfigurationList section */
		E407F85523B88D9B002D360C /* Build configuration list for PBXProject "TSections" */ = {
			isa = XCConfigurationList;
			buildConfigurations = (
				E407F86123B88D9B002D360C /* Debug */,
				E407F86223B88D9B002D360C /* Release */,
			);
			defaultConfigurationIsVisible = 0;
			defaultConfigurationName = Release;
		};
		E407F87123B88E54002D360C /* Build configuration list for PBXNativeTarget "TSections-iOS" */ = {
			isa = XCConfigurationList;
			buildConfigurations = (
				E407F87223B88E54002D360C /* Debug */,
				E407F87323B88E54002D360C /* Release */,
			);
			defaultConfigurationIsVisible = 0;
			defaultConfigurationName = Release;
		};
		E407F87E23B88E7E002D360C /* Build configuration list for PBXNativeTarget "TSections-watchOS" */ = {
			isa = XCConfigurationList;
			buildConfigurations = (
				E407F87F23B88E7E002D360C /* Debug */,
				E407F88023B88E7E002D360C /* Release */,
			);
			defaultConfigurationIsVisible = 0;
			defaultConfigurationName = Release;
		};
		E407F88B23B88E95002D360C /* Build configuration list for PBXNativeTarget "TSections-tvOS" */ = {
			isa = XCConfigurationList;
			buildConfigurations = (
				E407F88C23B88E95002D360C /* Debug */,
				E407F88D23B88E95002D360C /* Release */,
			);
			defaultConfigurationIsVisible = 0;
			defaultConfigurationName = Release;
		};
		E407F89823B88EAF002D360C /* Build configuration list for PBXNativeTarget "TSections-macOS" */ = {
			isa = XCConfigurationList;
			buildConfigurations = (
				E407F89923B88EAF002D360C /* Debug */,
				E407F89A23B88EAF002D360C /* Release */,
			);
			defaultConfigurationIsVisible = 0;
			defaultConfigurationName = Release;
		};
		E407F8B123B899AD002D360C /* Build configuration list for PBXNativeTarget "TSectionsTests-iOS" */ = {
			isa = XCConfigurationList;
			buildConfigurations = (
				E407F8B223B899AD002D360C /* Debug */,
				E407F8B323B899AD002D360C /* Release */,
			);
			defaultConfigurationIsVisible = 0;
			defaultConfigurationName = Release;
		};
		E407F8C123B89A35002D360C /* Build configuration list for PBXNativeTarget "TSectionsTests-tvOS" */ = {
			isa = XCConfigurationList;
			buildConfigurations = (
				E407F8C223B89A35002D360C /* Debug */,
				E407F8C323B89A35002D360C /* Release */,
			);
			defaultConfigurationIsVisible = 0;
			defaultConfigurationName = Release;
		};
		E407F8D023B89A42002D360C /* Build configuration list for PBXNativeTarget "TSectionsTests-macOS" */ = {
			isa = XCConfigurationList;
			buildConfigurations = (
				E407F8D123B89A42002D360C /* Debug */,
				E407F8D223B89A42002D360C /* Release */,
			);
			defaultConfigurationIsVisible = 0;
			defaultConfigurationName = Release;
		};
/* End XCConfigurationList section */
	};
	rootObject = E407F85223B88D9B002D360C /* Project object */;
}
